// !$*UTF8*$!
{
	archiveVersion = 1;
	classes = {
	};
	objectVersion = 55;
	objects = {

/* Begin PBXBuildFile section */
		22D51F5DC6A21302DDF74F23 /* Pods_GoodWeather.framework in Frameworks */ = {isa = PBXBuildFile; fileRef = C16572914E4D1E72DCBC674B /* Pods_GoodWeather.framework */; };
		B23196FD276CAA85002360F5 /* CustomCell.swift in Sources */ = {isa = PBXBuildFile; fileRef = B23196FC276CAA85002360F5 /* CustomCell.swift */; };
		B2CD1AF4276BCA8400D42DB4 /* Constant.swift in Sources */ = {isa = PBXBuildFile; fileRef = B2CD1AF3276BCA8400D42DB4 /* Constant.swift */; };
		B2CD1AF6276BCB7C00D42DB4 /* NetworkManager.swift in Sources */ = {isa = PBXBuildFile; fileRef = B2CD1AF5276BCB7C00D42DB4 /* NetworkManager.swift */; };
		B2CD1AF8276BCD3100D42DB4 /* WeatherData.swift in Sources */ = {isa = PBXBuildFile; fileRef = B2CD1AF7276BCD3100D42DB4 /* WeatherData.swift */; };
		B2CD1AFA276BD24100D42DB4 /* Weather.swift in Sources */ = {isa = PBXBuildFile; fileRef = B2CD1AF9276BD24100D42DB4 /* Weather.swift */; };
		B2CD1AFC276BE8ED00D42DB4 /* WeatherManager.swift in Sources */ = {isa = PBXBuildFile; fileRef = B2CD1AFB276BE8ED00D42DB4 /* WeatherManager.swift */; };
		B2E1C4F12773697100F2A97F /* UIViewController+Extension.swift in Sources */ = {isa = PBXBuildFile; fileRef = B2E1C4F02773697100F2A97F /* UIViewController+Extension.swift */; };
		B2E4238B2773466B00095998 /* DetailViewController.swift in Sources */ = {isa = PBXBuildFile; fileRef = B2E4238A2773466B00095998 /* DetailViewController.swift */; };
		B2E98D782769F9D600E28600 /* AppDelegate.swift in Sources */ = {isa = PBXBuildFile; fileRef = B2E98D772769F9D600E28600 /* AppDelegate.swift */; };
		B2E98D7A2769F9D600E28600 /* SceneDelegate.swift in Sources */ = {isa = PBXBuildFile; fileRef = B2E98D792769F9D600E28600 /* SceneDelegate.swift */; };
		B2E98D7F2769F9D600E28600 /* Main.storyboard in Resources */ = {isa = PBXBuildFile; fileRef = B2E98D7D2769F9D600E28600 /* Main.storyboard */; };
		B2E98D812769F9D900E28600 /* Assets.xcassets in Resources */ = {isa = PBXBuildFile; fileRef = B2E98D802769F9D900E28600 /* Assets.xcassets */; };
		B2E98D842769F9D900E28600 /* LaunchScreen.storyboard in Resources */ = {isa = PBXBuildFile; fileRef = B2E98D822769F9D900E28600 /* LaunchScreen.storyboard */; };
		B2E98D8C2769FD2C00E28600 /* ListTableViewController.swift in Sources */ = {isa = PBXBuildFile; fileRef = B2E98D8B2769FD2C00E28600 /* ListTableViewController.swift */; };
/* End PBXBuildFile section */

/* Begin PBXFileReference section */
		956E511B7292C9DA3D94666E /* Pods-GoodWeather.debug.xcconfig */ = {isa = PBXFileReference; includeInIndex = 1; lastKnownFileType = text.xcconfig; name = "Pods-GoodWeather.debug.xcconfig"; path = "Target Support Files/Pods-GoodWeather/Pods-GoodWeather.debug.xcconfig"; sourceTree = "<group>"; };
		A198B7D32045C0B6BAB8FBF5 /* Pods-GoodWeather.release.xcconfig */ = {isa = PBXFileReference; includeInIndex = 1; lastKnownFileType = text.xcconfig; name = "Pods-GoodWeather.release.xcconfig"; path = "Target Support Files/Pods-GoodWeather/Pods-GoodWeather.release.xcconfig"; sourceTree = "<group>"; };
		B23196FC276CAA85002360F5 /* CustomCell.swift */ = {isa = PBXFileReference; lastKnownFileType = sourcecode.swift; path = CustomCell.swift; sourceTree = "<group>"; };
		B2CD1AF3276BCA8400D42DB4 /* Constant.swift */ = {isa = PBXFileReference; lastKnownFileType = sourcecode.swift; path = Constant.swift; sourceTree = "<group>"; };
		B2CD1AF5276BCB7C00D42DB4 /* NetworkManager.swift */ = {isa = PBXFileReference; lastKnownFileType = sourcecode.swift; path = NetworkManager.swift; sourceTree = "<group>"; };
		B2CD1AF7276BCD3100D42DB4 /* WeatherData.swift */ = {isa = PBXFileReference; lastKnownFileType = sourcecode.swift; path = WeatherData.swift; sourceTree = "<group>"; };
		B2CD1AF9276BD24100D42DB4 /* Weather.swift */ = {isa = PBXFileReference; lastKnownFileType = sourcecode.swift; path = Weather.swift; sourceTree = "<group>"; };
		B2CD1AFB276BE8ED00D42DB4 /* WeatherManager.swift */ = {isa = PBXFileReference; lastKnownFileType = sourcecode.swift; path = WeatherManager.swift; sourceTree = "<group>"; };
		B2E1C4F02773697100F2A97F /* UIViewController+Extension.swift */ = {isa = PBXFileReference; lastKnownFileType = sourcecode.swift; path = "UIViewController+Extension.swift"; sourceTree = "<group>"; };
		B2E4238A2773466B00095998 /* DetailViewController.swift */ = {isa = PBXFileReference; lastKnownFileType = sourcecode.swift; path = DetailViewController.swift; sourceTree = "<group>"; };
		B2E98D742769F9D600E28600 /* GoodWeather.app */ = {isa = PBXFileReference; explicitFileType = wrapper.application; includeInIndex = 0; path = GoodWeather.app; sourceTree = BUILT_PRODUCTS_DIR; };
		B2E98D772769F9D600E28600 /* AppDelegate.swift */ = {isa = PBXFileReference; lastKnownFileType = sourcecode.swift; path = AppDelegate.swift; sourceTree = "<group>"; };
		B2E98D792769F9D600E28600 /* SceneDelegate.swift */ = {isa = PBXFileReference; lastKnownFileType = sourcecode.swift; path = SceneDelegate.swift; sourceTree = "<group>"; };
		B2E98D7E2769F9D600E28600 /* Base */ = {isa = PBXFileReference; lastKnownFileType = file.storyboard; name = Base; path = Base.lproj/Main.storyboard; sourceTree = "<group>"; };
		B2E98D802769F9D900E28600 /* Assets.xcassets */ = {isa = PBXFileReference; lastKnownFileType = folder.assetcatalog; path = Assets.xcassets; sourceTree = "<group>"; };
		B2E98D832769F9D900E28600 /* Base */ = {isa = PBXFileReference; lastKnownFileType = file.storyboard; name = Base; path = Base.lproj/LaunchScreen.storyboard; sourceTree = "<group>"; };
		B2E98D852769F9D900E28600 /* Info.plist */ = {isa = PBXFileReference; lastKnownFileType = text.plist.xml; path = Info.plist; sourceTree = "<group>"; };
		B2E98D8B2769FD2C00E28600 /* ListTableViewController.swift */ = {isa = PBXFileReference; lastKnownFileType = sourcecode.swift; path = ListTableViewController.swift; sourceTree = "<group>"; };
		C16572914E4D1E72DCBC674B /* Pods_GoodWeather.framework */ = {isa = PBXFileReference; explicitFileType = wrapper.framework; includeInIndex = 0; path = Pods_GoodWeather.framework; sourceTree = BUILT_PRODUCTS_DIR; };
/* End PBXFileReference section */

/* Begin PBXFrameworksBuildPhase section */
		B2E98D712769F9D600E28600 /* Frameworks */ = {
			isa = PBXFrameworksBuildPhase;
			buildActionMask = 2147483647;
			files = (
				22D51F5DC6A21302DDF74F23 /* Pods_GoodWeather.framework in Frameworks */,
			);
			runOnlyForDeploymentPostprocessing = 0;
		};
/* End PBXFrameworksBuildPhase section */

/* Begin PBXGroup section */
		10FFC2350B19684D4CC878CC /* Frameworks */ = {
			isa = PBXGroup;
			children = (
				C16572914E4D1E72DCBC674B /* Pods_GoodWeather.framework */,
			);
			name = Frameworks;
			sourceTree = "<group>";
		};
		A2138A368F3A20CC1305DF69 /* Pods */ = {
			isa = PBXGroup;
			children = (
				956E511B7292C9DA3D94666E /* Pods-GoodWeather.debug.xcconfig */,
				A198B7D32045C0B6BAB8FBF5 /* Pods-GoodWeather.release.xcconfig */,
			);
			path = Pods;
			sourceTree = "<group>";
		};
		B2CD1AF1276BC9E200D42DB4 /* Model */ = {
			isa = PBXGroup;
			children = (
				B2CD1AF7276BCD3100D42DB4 /* WeatherData.swift */,
				B2CD1AF9276BD24100D42DB4 /* Weather.swift */,
			);
			path = Model;
			sourceTree = "<group>";
		};
		B2CD1AF2276BC9F700D42DB4 /* UI */ = {
			isa = PBXGroup;
			children = (
				B2DFBB3A2774CD1D00F78E5B /* Stories */,
				B2DFBB392774CD1500F78E5B /* Cells */,
				B2DFBB382774CD0800F78E5B /* Controllers */,
			);
			path = UI;
			sourceTree = "<group>";
		};
		B2DFBB382774CD0800F78E5B /* Controllers */ = {
			isa = PBXGroup;
			children = (
				B2E98D8B2769FD2C00E28600 /* ListTableViewController.swift */,
				B2E4238A2773466B00095998 /* DetailViewController.swift */,
			);
			path = Controllers;
			sourceTree = "<group>";
		};
		B2DFBB392774CD1500F78E5B /* Cells */ = {
			isa = PBXGroup;
			children = (
				B23196FC276CAA85002360F5 /* CustomCell.swift */,
			);
			path = Cells;
			sourceTree = "<group>";
		};
		B2DFBB3A2774CD1D00F78E5B /* Stories */ = {
			isa = PBXGroup;
			children = (
				B2E98D7D2769F9D600E28600 /* Main.storyboard */,
				B2E98D822769F9D900E28600 /* LaunchScreen.storyboard */,
			);
			path = Stories;
			sourceTree = "<group>";
		};
		B2DFBB3B2774CD8800F78E5B /* Managers */ = {
			isa = PBXGroup;
			children = (
				B2CD1AF5276BCB7C00D42DB4 /* NetworkManager.swift */,
				B2CD1AFB276BE8ED00D42DB4 /* WeatherManager.swift */,
			);
			path = Managers;
			sourceTree = "<group>";
		};
		B2DFBB3C2774CD9500F78E5B /* Extensions */ = {
			isa = PBXGroup;
			children = (
				B2E1C4F02773697100F2A97F /* UIViewController+Extension.swift */,
			);
			path = Extensions;
			sourceTree = "<group>";
		};
		B2E98D6B2769F9D600E28600 = {
			isa = PBXGroup;
			children = (
				B2E98D762769F9D600E28600 /* GoodWeather */,
				B2E98D752769F9D600E28600 /* Products */,
				A2138A368F3A20CC1305DF69 /* Pods */,
				10FFC2350B19684D4CC878CC /* Frameworks */,
			);
			sourceTree = "<group>";
		};
		B2E98D752769F9D600E28600 /* Products */ = {
			isa = PBXGroup;
			children = (
				B2E98D742769F9D600E28600 /* GoodWeather.app */,
			);
			name = Products;
			sourceTree = "<group>";
		};
		B2E98D762769F9D600E28600 /* GoodWeather */ = {
			isa = PBXGroup;
			children = (
				B2DFBB3C2774CD9500F78E5B /* Extensions */,
				B2DFBB3B2774CD8800F78E5B /* Managers */,
				B2CD1AF2276BC9F700D42DB4 /* UI */,
				B2CD1AF1276BC9E200D42DB4 /* Model */,
				B2E98D772769F9D600E28600 /* AppDelegate.swift */,
				B2E98D792769F9D600E28600 /* SceneDelegate.swift */,
				B2E98D802769F9D900E28600 /* Assets.xcassets */,
				B2E98D852769F9D900E28600 /* Info.plist */,
				B2CD1AF3276BCA8400D42DB4 /* Constant.swift */,
			);
			path = GoodWeather;
			sourceTree = "<group>";
		};
/* End PBXGroup section */

/* Begin PBXNativeTarget section */
		B2E98D732769F9D600E28600 /* GoodWeather */ = {
			isa = PBXNativeTarget;
			buildConfigurationList = B2E98D882769F9D900E28600 /* Build configuration list for PBXNativeTarget "GoodWeather" */;
			buildPhases = (
				358228E9006BA6BF25CAC295 /* [CP] Check Pods Manifest.lock */,
				B2E98D702769F9D600E28600 /* Sources */,
				B2E98D712769F9D600E28600 /* Frameworks */,
				B2E98D722769F9D600E28600 /* Resources */,
				6C2E162A50457AD1108E8566 /* [CP] Embed Pods Frameworks */,
			);
			buildRules = (
			);
			dependencies = (
			);
			name = GoodWeather;
			productName = GoodWeather;
			productReference = B2E98D742769F9D600E28600 /* GoodWeather.app */;
			productType = "com.apple.product-type.application";
		};
/* End PBXNativeTarget section */

/* Begin PBXProject section */
		B2E98D6C2769F9D600E28600 /* Project object */ = {
			isa = PBXProject;
			attributes = {
				BuildIndependentTargetsInParallel = 1;
				LastSwiftUpdateCheck = 1310;
				LastUpgradeCheck = 1310;
				TargetAttributes = {
					B2E98D732769F9D600E28600 = {
						CreatedOnToolsVersion = 13.1;
					};
				};
			};
			buildConfigurationList = B2E98D6F2769F9D600E28600 /* Build configuration list for PBXProject "GoodWeather" */;
			compatibilityVersion = "Xcode 13.0";
			developmentRegion = en;
			hasScannedForEncodings = 0;
			knownRegions = (
				en,
				Base,
			);
			mainGroup = B2E98D6B2769F9D600E28600;
			productRefGroup = B2E98D752769F9D600E28600 /* Products */;
			projectDirPath = "";
			projectRoot = "";
			targets = (
				B2E98D732769F9D600E28600 /* GoodWeather */,
			);
		};
/* End PBXProject section */

/* Begin PBXResourcesBuildPhase section */
		B2E98D722769F9D600E28600 /* Resources */ = {
			isa = PBXResourcesBuildPhase;
			buildActionMask = 2147483647;
			files = (
				B2E98D842769F9D900E28600 /* LaunchScreen.storyboard in Resources */,
				B2E98D812769F9D900E28600 /* Assets.xcassets in Resources */,
				B2E98D7F2769F9D600E28600 /* Main.storyboard in Resources */,
			);
			runOnlyForDeploymentPostprocessing = 0;
		};
/* End PBXResourcesBuildPhase section */

/* Begin PBXShellScriptBuildPhase section */
		358228E9006BA6BF25CAC295 /* [CP] Check Pods Manifest.lock */ = {
			isa = PBXShellScriptBuildPhase;
			buildActionMask = 2147483647;
			files = (
			);
			inputFileListPaths = (
			);
			inputPaths = (
				"${PODS_PODFILE_DIR_PATH}/Podfile.lock",
				"${PODS_ROOT}/Manifest.lock",
			);
			name = "[CP] Check Pods Manifest.lock";
			outputFileListPaths = (
			);
			outputPaths = (
				"$(DERIVED_FILE_DIR)/Pods-GoodWeather-checkManifestLockResult.txt",
			);
			runOnlyForDeploymentPostprocessing = 0;
			shellPath = /bin/sh;
			shellScript = "diff \"${PODS_PODFILE_DIR_PATH}/Podfile.lock\" \"${PODS_ROOT}/Manifest.lock\" > /dev/null\nif [ $? != 0 ] ; then\n    # print error to STDERR\n    echo \"error: The sandbox is not in sync with the Podfile.lock. Run 'pod install' or update your CocoaPods installation.\" >&2\n    exit 1\nfi\n# This output is used by Xcode 'outputs' to avoid re-running this script phase.\necho \"SUCCESS\" > \"${SCRIPT_OUTPUT_FILE_0}\"\n";
			showEnvVarsInLog = 0;
		};
		6C2E162A50457AD1108E8566 /* [CP] Embed Pods Frameworks */ = {
			isa = PBXShellScriptBuildPhase;
			buildActionMask = 2147483647;
			files = (
			);
			inputFileListPaths = (
				"${PODS_ROOT}/Target Support Files/Pods-GoodWeather/Pods-GoodWeather-frameworks-${CONFIGURATION}-input-files.xcfilelist",
			);
			name = "[CP] Embed Pods Frameworks";
			outputFileListPaths = (
				"${PODS_ROOT}/Target Support Files/Pods-GoodWeather/Pods-GoodWeather-frameworks-${CONFIGURATION}-output-files.xcfilelist",
			);
			runOnlyForDeploymentPostprocessing = 0;
			shellPath = /bin/sh;
			shellScript = "\"${PODS_ROOT}/Target Support Files/Pods-GoodWeather/Pods-GoodWeather-frameworks.sh\"\n";
			showEnvVarsInLog = 0;
		};
/* End PBXShellScriptBuildPhase section */

/* Begin PBXSourcesBuildPhase section */
		B2E98D702769F9D600E28600 /* Sources */ = {
			isa = PBXSourcesBuildPhase;
			buildActionMask = 2147483647;
			files = (
				B2E98D8C2769FD2C00E28600 /* ListTableViewController.swift in Sources */,
				B2E1C4F12773697100F2A97F /* UIViewController+Extension.swift in Sources */,
				B2E98D782769F9D600E28600 /* AppDelegate.swift in Sources */,
				B2CD1AFC276BE8ED00D42DB4 /* WeatherManager.swift in Sources */,
				B2CD1AF6276BCB7C00D42DB4 /* NetworkManager.swift in Sources */,
				B23196FD276CAA85002360F5 /* CustomCell.swift in Sources */,
				B2E98D7A2769F9D600E28600 /* SceneDelegate.swift in Sources */,
				B2CD1AF8276BCD3100D42DB4 /* WeatherData.swift in Sources */,
				B2E4238B2773466B00095998 /* DetailViewController.swift in Sources */,
				B2CD1AF4276BCA8400D42DB4 /* Constant.swift in Sources */,
				B2CD1AFA276BD24100D42DB4 /* Weather.swift in Sources */,
			);
			runOnlyForDeploymentPostprocessing = 0;
		};
/* End PBXSourcesBuildPhase section */

/* Begin PBXVariantGroup section */
		B2E98D7D2769F9D600E28600 /* Main.storyboard */ = {
			isa = PBXVariantGroup;
			children = (
				B2E98D7E2769F9D600E28600 /* Base */,
			);
			name = Main.storyboard;
			sourceTree = "<group>";
		};
		B2E98D822769F9D900E28600 /* LaunchScreen.storyboard */ = {
			isa = PBXVariantGroup;
			children = (
				B2E98D832769F9D900E28600 /* Base */,
			);
			name = LaunchScreen.storyboard;
			sourceTree = "<group>";
		};
/* End PBXVariantGroup section */

/* Begin XCBuildConfiguration section */
		B2E98D862769F9D900E28600 /* Debug */ = {
			isa = XCBuildConfiguration;
			buildSettings = {
				ALWAYS_SEARCH_USER_PATHS = NO;
				CLANG_ANALYZER_NONNULL = YES;
				CLANG_ANALYZER_NUMBER_OBJECT_CONVERSION = YES_AGGRESSIVE;
				CLANG_CXX_LANGUAGE_STANDARD = "gnu++17";
				CLANG_CXX_LIBRARY = "libc++";
				CLANG_ENABLE_MODULES = YES;
				CLANG_ENABLE_OBJC_ARC = YES;
				CLANG_ENABLE_OBJC_WEAK = YES;
				CLANG_WARN_BLOCK_CAPTURE_AUTORELEASING = YES;
				CLANG_WARN_BOOL_CONVERSION = YES;
				CLANG_WARN_COMMA = YES;
				CLANG_WARN_CONSTANT_CONVERSION = YES;
				CLANG_WARN_DEPRECATED_OBJC_IMPLEMENTATIONS = YES;
				CLANG_WARN_DIRECT_OBJC_ISA_USAGE = YES_ERROR;
				CLANG_WARN_DOCUMENTATION_COMMENTS = YES;
				CLANG_WARN_EMPTY_BODY = YES;
				CLANG_WARN_ENUM_CONVERSION = YES;
				CLANG_WARN_INFINITE_RECURSION = YES;
				CLANG_WARN_INT_CONVERSION = YES;
				CLANG_WARN_NON_LITERAL_NULL_CONVERSION = YES;
				CLANG_WARN_OBJC_IMPLICIT_RETAIN_SELF = YES;
				CLANG_WARN_OBJC_LITERAL_CONVERSION = YES;
				CLANG_WARN_OBJC_ROOT_CLASS = YES_ERROR;
				CLANG_WARN_QUOTED_INCLUDE_IN_FRAMEWORK_HEADER = YES;
				CLANG_WARN_RANGE_LOOP_ANALYSIS = YES;
				CLANG_WARN_STRICT_PROTOTYPES = YES;
				CLANG_WARN_SUSPICIOUS_MOVE = YES;
				CLANG_WARN_UNGUARDED_AVAILABILITY = YES_AGGRESSIVE;
				CLANG_WARN_UNREACHABLE_CODE = YES;
				CLANG_WARN__DUPLICATE_METHOD_MATCH = YES;
				COPY_PHASE_STRIP = NO;
				DEBUG_INFORMATION_FORMAT = dwarf;
				ENABLE_STRICT_OBJC_MSGSEND = YES;
				ENABLE_TESTABILITY = YES;
				GCC_C_LANGUAGE_STANDARD = gnu11;
				GCC_DYNAMIC_NO_PIC = NO;
				GCC_NO_COMMON_BLOCKS = YES;
				GCC_OPTIMIZATION_LEVEL = 0;
				GCC_PREPROCESSOR_DEFINITIONS = (
					"DEBUG=1",
					"$(inherited)",
				);
				GCC_WARN_64_TO_32_BIT_CONVERSION = YES;
				GCC_WARN_ABOUT_RETURN_TYPE = YES_ERROR;
				GCC_WARN_UNDECLARED_SELECTOR = YES;
				GCC_WARN_UNINITIALIZED_AUTOS = YES_AGGRESSIVE;
				GCC_WARN_UNUSED_FUNCTION = YES;
				GCC_WARN_UNUSED_VARIABLE = YES;
				IPHONEOS_DEPLOYMENT_TARGET = 15.0;
				MTL_ENABLE_DEBUG_INFO = INCLUDE_SOURCE;
				MTL_FAST_MATH = YES;
				ONLY_ACTIVE_ARCH = YES;
				SDKROOT = iphoneos;
				SWIFT_ACTIVE_COMPILATION_CONDITIONS = DEBUG;
				SWIFT_OPTIMIZATION_LEVEL = "-Onone";
			};
			name = Debug;
		};
		B2E98D872769F9D900E28600 /* Release */ = {
			isa = XCBuildConfiguration;
			buildSettings = {
				ALWAYS_SEARCH_USER_PATHS = NO;
				CLANG_ANALYZER_NONNULL = YES;
				CLANG_ANALYZER_NUMBER_OBJECT_CONVERSION = YES_AGGRESSIVE;
				CLANG_CXX_LANGUAGE_STANDARD = "gnu++17";
				CLANG_CXX_LIBRARY = "libc++";
				CLANG_ENABLE_MODULES = YES;
				CLANG_ENABLE_OBJC_ARC = YES;
				CLANG_ENABLE_OBJC_WEAK = YES;
				CLANG_WARN_BLOCK_CAPTURE_AUTORELEASING = YES;
				CLANG_WARN_BOOL_CONVERSION = YES;
				CLANG_WARN_COMMA = YES;
				CLANG_WARN_CONSTANT_CONVERSION = YES;
				CLANG_WARN_DEPRECATED_OBJC_IMPLEMENTATIONS = YES;
				CLANG_WARN_DIRECT_OBJC_ISA_USAGE = YES_ERROR;
				CLANG_WARN_DOCUMENTATION_COMMENTS = YES;
				CLANG_WARN_EMPTY_BODY = YES;
				CLANG_WARN_ENUM_CONVERSION = YES;
				CLANG_WARN_INFINITE_RECURSION = YES;
				CLANG_WARN_INT_CONVERSION = YES;
				CLANG_WARN_NON_LITERAL_NULL_CONVERSION = YES;
				CLANG_WARN_OBJC_IMPLICIT_RETAIN_SELF = YES;
				CLANG_WARN_OBJC_LITERAL_CONVERSION = YES;
				CLANG_WARN_OBJC_ROOT_CLASS = YES_ERROR;
				CLANG_WARN_QUOTED_INCLUDE_IN_FRAMEWORK_HEADER = YES;
				CLANG_WARN_RANGE_LOOP_ANALYSIS = YES;
				CLANG_WARN_STRICT_PROTOTYPES = YES;
				CLANG_WARN_SUSPICIOUS_MOVE = YES;
				CLANG_WARN_UNGUARDED_AVAILABILITY = YES_AGGRESSIVE;
				CLANG_WARN_UNREACHABLE_CODE = YES;
				CLANG_WARN__DUPLICATE_METHOD_MATCH = YES;
				COPY_PHASE_STRIP = NO;
				DEBUG_INFORMATION_FORMAT = "dwarf-with-dsym";
				ENABLE_NS_ASSERTIONS = NO;
				ENABLE_STRICT_OBJC_MSGSEND = YES;
				GCC_C_LANGUAGE_STANDARD = gnu11;
				GCC_NO_COMMON_BLOCKS = YES;
				GCC_WARN_64_TO_32_BIT_CONVERSION = YES;
				GCC_WARN_ABOUT_RETURN_TYPE = YES_ERROR;
				GCC_WARN_UNDECLARED_SELECTOR = YES;
				GCC_WARN_UNINITIALIZED_AUTOS = YES_AGGRESSIVE;
				GCC_WARN_UNUSED_FUNCTION = YES;
				GCC_WARN_UNUSED_VARIABLE = YES;
				IPHONEOS_DEPLOYMENT_TARGET = 15.0;
				MTL_ENABLE_DEBUG_INFO = NO;
				MTL_FAST_MATH = YES;
				SDKROOT = iphoneos;
				SWIFT_COMPILATION_MODE = wholemodule;
				SWIFT_OPTIMIZATION_LEVEL = "-O";
				VALIDATE_PRODUCT = YES;
			};
			name = Release;
		};
		B2E98D892769F9D900E28600 /* Debug */ = {
			isa = XCBuildConfiguration;
			baseConfigurationReference = 956E511B7292C9DA3D94666E /* Pods-GoodWeather.debug.xcconfig */;
			buildSettings = {
				ASSETCATALOG_COMPILER_APPICON_NAME = AppIcon;
				ASSETCATALOG_COMPILER_GLOBAL_ACCENT_COLOR_NAME = AccentColor;
				CODE_SIGN_STYLE = Automatic;
				CURRENT_PROJECT_VERSION = 1;
				GENERATE_INFOPLIST_FILE = YES;
				INFOPLIST_FILE = GoodWeather/Info.plist;
				INFOPLIST_KEY_UIApplicationSupportsIndirectInputEvents = YES;
				INFOPLIST_KEY_UILaunchStoryboardName = LaunchScreen;
				INFOPLIST_KEY_UIMainStoryboardFile = Main;
				INFOPLIST_KEY_UISupportedInterfaceOrientations_iPad = "UIInterfaceOrientationPortrait UIInterfaceOrientationPortraitUpsideDown UIInterfaceOrientationLandscapeLeft UIInterfaceOrientationLandscapeRight";
				INFOPLIST_KEY_UISupportedInterfaceOrientations_iPhone = "UIInterfaceOrientationPortrait UIInterfaceOrientationLandscapeLeft UIInterfaceOrientationLandscapeRight";
				LD_RUNPATH_SEARCH_PATHS = (
					"$(inherited)",
					"@executable_path/Frameworks",
				);
				MARKETING_VERSION = 1.0;
				PRODUCT_BUNDLE_IDENTIFIER = igorpav.GoodWeather;
				PRODUCT_NAME = "$(TARGET_NAME)";
				SWIFT_EMIT_LOC_STRINGS = YES;
				SWIFT_VERSION = 5.0;
				TARGETED_DEVICE_FAMILY = "1,2";
			};
			name = Debug;
		};
		B2E98D8A2769F9D900E28600 /* Release */ = {
			isa = XCBuildConfiguration;
			baseConfigurationReference = A198B7D32045C0B6BAB8FBF5 /* Pods-GoodWeather.release.xcconfig */;
			buildSettings = {
				ASSETCATALOG_COMPILER_APPICON_NAME = AppIcon;
				ASSETCATALOG_COMPILER_GLOBAL_ACCENT_COLOR_NAME = AccentColor;
				CODE_SIGN_STYLE = Automatic;
				CURRENT_PROJECT_VERSION = 1;
				GENERATE_INFOPLIST_FILE = YES;
				INFOPLIST_FILE = GoodWeather/Info.plist;
				INFOPLIST_KEY_UIApplicationSupportsIndirectInputEvents = YES;
				INFOPLIST_KEY_UILaunchStoryboardName = LaunchScreen;
				INFOPLIST_KEY_UIMainStoryboardFile = Main;
				INFOPLIST_KEY_UISupportedInterfaceOrientations_iPad = "UIInterfaceOrientationPortrait UIInterfaceOrientationPortraitUpsideDown UIInterfaceOrientationLandscapeLeft UIInterfaceOrientationLandscapeRight";
				INFOPLIST_KEY_UISupportedInterfaceOrientations_iPhone = "UIInterfaceOrientationPortrait UIInterfaceOrientationLandscapeLeft UIInterfaceOrientationLandscapeRight";
				LD_RUNPATH_SEARCH_PATHS = (
					"$(inherited)",
					"@executable_path/Frameworks",
				);
				MARKETING_VERSION = 1.0;
				PRODUCT_BUNDLE_IDENTIFIER = igorpav.GoodWeather;
				PRODUCT_NAME = "$(TARGET_NAME)";
				SWIFT_EMIT_LOC_STRINGS = YES;
				SWIFT_VERSION = 5.0;
				TARGETED_DEVICE_FAMILY = "1,2";
			};
			name = Release;
		};
/* End XCBuildConfiguration section */

/* Begin XCConfigurationList section */
		B2E98D6F2769F9D600E28600 /* Build configuration list for PBXProject "GoodWeather" */ = {
			isa = XCConfigurationList;
			buildConfigurations = (
				B2E98D862769F9D900E28600 /* Debug */,
				B2E98D872769F9D900E28600 /* Release */,
			);
			defaultConfigurationIsVisible = 0;
			defaultConfigurationName = Release;
		};
		B2E98D882769F9D900E28600 /* Build configuration list for PBXNativeTarget "GoodWeather" */ = {
			isa = XCConfigurationList;
			buildConfigurations = (
				B2E98D892769F9D900E28600 /* Debug */,
				B2E98D8A2769F9D900E28600 /* Release */,
			);
			defaultConfigurationIsVisible = 0;
			defaultConfigurationName = Release;
		};
/* End XCConfigurationList section */
	};
	rootObject = B2E98D6C2769F9D600E28600 /* Project object */;
}
